
Microsoft Visual Studio Solution File, Format Version 12.00
# Visual Studio Version 16
VisualStudioVersion = 16.0.30523.141
MinimumVisualStudioVersion = 10.0.40219.1
Project("{2150E333-8FDC-42A3-9474-1A3956D46DE8}") = "host", "host", "{189D1DAF-7EB9-4DB2-B79D-B9301BC36F8C}"
EndProject
Project("{2150E333-8FDC-42A3-9474-1A3956D46DE8}") = "src", "src", "{DD311B01-9256-4519-8E36-B1420E5B20B4}"
EndProject
Project("{9A19103F-16F7-4668-BE54-9A1E7A4F7556}") = "Blog.MVC", "host\Blog.MVC\Blog.MVC.csproj", "{FAB4B8AC-28CE-4E8F-B71E-487F921309F7}"
EndProject
Project("{9A19103F-16F7-4668-BE54-9A1E7A4F7556}") = "Blog.Data", "src\Blog.Data\Blog.Data.csproj", "{D35A4D65-D231-4C05-A93F-B62CE7DC37A2}"
EndProject
Project("{9A19103F-16F7-4668-BE54-9A1E7A4F7556}") = "Tencent.COS.SDK", "src\Tencent.COS.SDK\Tencent.COS.SDK.csproj", "{24D33E5B-4794-4D0A-BA8C-93C650C3981C}"
EndProject
Project("{9A19103F-16F7-4668-BE54-9A1E7A4F7556}") = "Blog.Service", "src\Blog.Service\Blog.Service.csproj", "{2EF07139-EB36-4D12-8142-9B694CE7D2B8}"
EndProject
Project("{9A19103F-16F7-4668-BE54-9A1E7A4F7556}") = "Blog.Extensions", "src\Blog.Extensions\Blog.Extensions.csproj", "{CE8FE11B-4F1F-4A65-B8E8-615D4DEF016E}"
EndProject
Project("{9A19103F-16F7-4668-BE54-9A1E7A4F7556}") = "Blog.Exceptions", "src\Blog.Exceptions\Blog.Exceptions.csproj", "{B6CD3344-0105-4A47-B2E1-E19F75F702DA}"
EndProject
Project("{9A19103F-16F7-4668-BE54-9A1E7A4F7556}") = "Blog.Shared", "src\Blog.Shared\Blog.Shared.csproj", "{6F4839A5-E588-47A2-9230-7D1C4D46C09C}"
EndProject
Project("{9A19103F-16F7-4668-BE54-9A1E7A4F7556}") = "Blog.ViewModels", "src\Blog.ViewModels\Blog.ViewModels.csproj", "{34846817-34AB-4A7C-8A7F-531AFFDE9E2D}"
EndProject
Global
	GlobalSection(SolutionConfigurationPlatforms) = preSolution
		Debug|Any CPU = Debug|Any CPU
		Release|Any CPU = Release|Any CPU
	EndGlobalSection
	GlobalSection(ProjectConfigurationPlatforms) = postSolution
		{FAB4B8AC-28CE-4E8F-B71E-487F921309F7}.Debug|Any CPU.ActiveCfg = Debug|Any CPU
		{FAB4B8AC-28CE-4E8F-B71E-487F921309F7}.Debug|Any CPU.Build.0 = Debug|Any CPU
		{FAB4B8AC-28CE-4E8F-B71E-487F921309F7}.Release|Any CPU.ActiveCfg = Release|Any CPU
		{FAB4B8AC-28CE-4E8F-B71E-487F921309F7}.Release|Any CPU.Build.0 = Release|Any CPU
		{D35A4D65-D231-4C05-A93F-B62CE7DC37A2}.Debug|Any CPU.ActiveCfg = Debug|Any CPU
		{D35A4D65-D231-4C05-A93F-B62CE7DC37A2}.Debug|Any CPU.Build.0 = Debug|Any CPU
		{D35A4D65-D231-4C05-A93F-B62CE7DC37A2}.Release|Any CPU.ActiveCfg = Release|Any CPU
		{D35A4D65-D231-4C05-A93F-B62CE7DC37A2}.Release|Any CPU.Build.0 = Release|Any CPU
		{24D33E5B-4794-4D0A-BA8C-93C650C3981C}.Debug|Any CPU.ActiveCfg = Debug|Any CPU
		{24D33E5B-4794-4D0A-BA8C-93C650C3981C}.Debug|Any CPU.Build.0 = Debug|Any CPU
		{24D33E5B-4794-4D0A-BA8C-93C650C3981C}.Release|Any CPU.ActiveCfg = Release|Any CPU
		{24D33E5B-4794-4D0A-BA8C-93C650C3981C}.Release|Any CPU.Build.0 = Release|Any CPU
		{2EF07139-EB36-4D12-8142-9B694CE7D2B8}.Debug|Any CPU.ActiveCfg = Debug|Any CPU
		{2EF07139-EB36-4D12-8142-9B694CE7D2B8}.Debug|Any CPU.Build.0 = Debug|Any CPU
		{2EF07139-EB36-4D12-8142-9B694CE7D2B8}.Release|Any CPU.ActiveCfg = Release|Any CPU
		{2EF07139-EB36-4D12-8142-9B694CE7D2B8}.Release|Any CPU.Build.0 = Release|Any CPU
		{CE8FE11B-4F1F-4A65-B8E8-615D4DEF016E}.Debug|Any CPU.ActiveCfg = Debug|Any CPU
		{CE8FE11B-4F1F-4A65-B8E8-615D4DEF016E}.Debug|Any CPU.Build.0 = Debug|Any CPU
		{CE8FE11B-4F1F-4A65-B8E8-615D4DEF016E}.Release|Any CPU.ActiveCfg = Release|Any CPU
		{CE8FE11B-4F1F-4A65-B8E8-615D4DEF016E}.Release|Any CPU.Build.0 = Release|Any CPU
		{B6CD3344-0105-4A47-B2E1-E19F75F702DA}.Debug|Any CPU.ActiveCfg = Debug|Any CPU
		{B6CD3344-0105-4A47-B2E1-E19F75F702DA}.Debug|Any CPU.Build.0 = Debug|Any CPU
		{B6CD3344-0105-4A47-B2E1-E19F75F702DA}.Release|Any CPU.ActiveCfg = Release|Any CPU
		{B6CD3344-0105-4A47-B2E1-E19F75F702DA}.Release|Any CPU.Build.0 = Release|Any CPU
		{6F4839A5-E588-47A2-9230-7D1C4D46C09C}.Debug|Any CPU.ActiveCfg = Debug|Any CPU
		{6F4839A5-E588-47A2-9230-7D1C4D46C09C}.Debug|Any CPU.Build.0 = Debug|Any CPU
		{6F4839A5-E588-47A2-9230-7D1C4D46C09C}.Release|Any CPU.ActiveCfg = Release|Any CPU
		{6F4839A5-E588-47A2-9230-7D1C4D46C09C}.Release|Any CPU.Build.0 = Release|Any CPU
		{34846817-34AB-4A7C-8A7F-531AFFDE9E2D}.Debug|Any CPU.ActiveCfg = Debug|Any CPU
		{34846817-34AB-4A7C-8A7F-531AFFDE9E2D}.Debug|Any CPU.Build.0 = Debug|Any CPU
		{34846817-34AB-4A7C-8A7F-531AFFDE9E2D}.Release|Any CPU.ActiveCfg = Release|Any CPU
		{34846817-34AB-4A7C-8A7F-531AFFDE9E2D}.Release|Any CPU.Build.0 = Release|Any CPU
	EndGlobalSection
	GlobalSection(SolutionProperties) = preSolution
		HideSolutionNode = FALSE
	EndGlobalSection
	GlobalSection(NestedProjects) = preSolution
		{FAB4B8AC-28CE-4E8F-B71E-487F921309F7} = {189D1DAF-7EB9-4DB2-B79D-B9301BC36F8C}
		{D35A4D65-D231-4C05-A93F-B62CE7DC37A2} = {DD311B01-9256-4519-8E36-B1420E5B20B4}
		{24D33E5B-4794-4D0A-BA8C-93C650C3981C} = {DD311B01-9256-4519-8E36-B1420E5B20B4}
		{2EF07139-EB36-4D12-8142-9B694CE7D2B8} = {DD311B01-9256-4519-8E36-B1420E5B20B4}
		{CE8FE11B-4F1F-4A65-B8E8-615D4DEF016E} = {DD311B01-9256-4519-8E36-B1420E5B20B4}
		{B6CD3344-0105-4A47-B2E1-E19F75F702DA} = {DD311B01-9256-4519-8E36-B1420E5B20B4}
		{6F4839A5-E588-47A2-9230-7D1C4D46C09C} = {DD311B01-9256-4519-8E36-B1420E5B20B4}
		{34846817-34AB-4A7C-8A7F-531AFFDE9E2D} = {DD311B01-9256-4519-8E36-B1420E5B20B4}
	EndGlobalSection
	GlobalSection(ExtensibilityGlobals) = postSolution
		SolutionGuid = {E5AAC4D4-0627-4C90-8AC1-9024910EB839}
	EndGlobalSection
EndGlobal
